// !$*UTF8*$!
{
	archiveVersion = 1;
	classes = {
	};
	objectVersion = 46;
	objects = {

/* Begin PBXBuildFile section */
		FC32DC591A807C4100F13028 /* AppDelegate.swift in Sources */ = {isa = PBXBuildFile; fileRef = FC32DC581A807C4100F13028 /* AppDelegate.swift */; };
		FC32DC5B1A807C4100F13028 /* ViewController.swift in Sources */ = {isa = PBXBuildFile; fileRef = FC32DC5A1A807C4100F13028 /* ViewController.swift */; };
		FC32DC5E1A807C4100F13028 /* Main.storyboard in Resources */ = {isa = PBXBuildFile; fileRef = FC32DC5C1A807C4100F13028 /* Main.storyboard */; };
		FC32DC601A807C4100F13028 /* Images.xcassets in Resources */ = {isa = PBXBuildFile; fileRef = FC32DC5F1A807C4100F13028 /* Images.xcassets */; };
		FC32DC631A807C4100F13028 /* LaunchScreen.xib in Resources */ = {isa = PBXBuildFile; fileRef = FC32DC611A807C4100F13028 /* LaunchScreen.xib */; };
		FC32DC6F1A807C4100F13028 /* overviewTests.swift in Sources */ = {isa = PBXBuildFile; fileRef = FC32DC6E1A807C4100F13028 /* overviewTests.swift */; };
		FC32DC791A80833A00F13028 /* SettingsViewController.swift in Sources */ = {isa = PBXBuildFile; fileRef = FC32DC781A80833A00F13028 /* SettingsViewController.swift */; };
		FC32DC7B1A808EFC00F13028 /* HomeViewController.swift in Sources */ = {isa = PBXBuildFile; fileRef = FC32DC7A1A808EFC00F13028 /* HomeViewController.swift */; };
/* End PBXBuildFile section */

/* Begin PBXContainerItemProxy section */
		FC32DC691A807C4100F13028 /* PBXContainerItemProxy */ = {
			isa = PBXContainerItemProxy;
			containerPortal = FC32DC4B1A807C4100F13028 /* Project object */;
			proxyType = 1;
			remoteGlobalIDString = FC32DC521A807C4100F13028;
			remoteInfo = overview;
		};
/* End PBXContainerItemProxy section */

/* Begin PBXFileReference section */
		FC32DC531A807C4100F13028 /* overview.app */ = {isa = PBXFileReference; explicitFileType = wrapper.application; includeInIndex = 0; path = overview.app; sourceTree = BUILT_PRODUCTS_DIR; };
		FC32DC571A807C4100F13028 /* Info.plist */ = {isa = PBXFileReference; lastKnownFileType = text.plist.xml; path = Info.plist; sourceTree = "<group>"; };
		FC32DC581A807C4100F13028 /* AppDelegate.swift */ = {isa = PBXFileReference; lastKnownFileType = sourcecode.swift; path = AppDelegate.swift; sourceTree = "<group>"; };
		FC32DC5A1A807C4100F13028 /* ViewController.swift */ = {isa = PBXFileReference; lastKnownFileType = sourcecode.swift; path = ViewController.swift; sourceTree = "<group>"; };
		FC32DC5D1A807C4100F13028 /* Base */ = {isa = PBXFileReference; lastKnownFileType = file.storyboard; name = Base; path = Base.lproj/Main.storyboard; sourceTree = "<group>"; };
		FC32DC5F1A807C4100F13028 /* Images.xcassets */ = {isa = PBXFileReference; lastKnownFileType = folder.assetcatalog; path = Images.xcassets; sourceTree = "<group>"; };
		FC32DC621A807C4100F13028 /* Base */ = {isa = PBXFileReference; lastKnownFileType = file.xib; name = Base; path = Base.lproj/LaunchScreen.xib; sourceTree = "<group>"; };
		FC32DC681A807C4100F13028 /* overviewTests.xctest */ = {isa = PBXFileReference; explicitFileType = wrapper.cfbundle; includeInIndex = 0; path = overviewTests.xctest; sourceTree = BUILT_PRODUCTS_DIR; };
		FC32DC6D1A807C4100F13028 /* Info.plist */ = {isa = PBXFileReference; lastKnownFileType = text.plist.xml; path = Info.plist; sourceTree = "<group>"; };
		FC32DC6E1A807C4100F13028 /* overviewTests.swift */ = {isa = PBXFileReference; lastKnownFileType = sourcecode.swift; path = overviewTests.swift; sourceTree = "<group>"; };
		FC32DC781A80833A00F13028 /* SettingsViewController.swift */ = {isa = PBXFileReference; fileEncoding = 4; lastKnownFileType = sourcecode.swift; path = SettingsViewController.swift; sourceTree = "<group>"; };
		FC32DC7A1A808EFC00F13028 /* HomeViewController.swift */ = {isa = PBXFileReference; fileEncoding = 4; lastKnownFileType = sourcecode.swift; path = HomeViewController.swift; sourceTree = "<group>"; };
/* End PBXFileReference section */

/* Begin PBXFrameworksBuildPhase section */
		FC32DC501A807C4100F13028 /* Frameworks */ = {
			isa = PBXFrameworksBuildPhase;
			buildActionMask = 2147483647;
			files = (
			);
			runOnlyForDeploymentPostprocessing = 0;
		};
		FC32DC651A807C4100F13028 /* Frameworks */ = {
			isa = PBXFrameworksBuildPhase;
			buildActionMask = 2147483647;
			files = (
			);
			runOnlyForDeploymentPostprocessing = 0;
		};
/* End PBXFrameworksBuildPhase section */

/* Begin PBXGroup section */
		FC32DC4A1A807C4100F13028 = {
			isa = PBXGroup;
			children = (
				FC32DC551A807C4100F13028 /* overview */,
				FC32DC6B1A807C4100F13028 /* overviewTests */,
				FC32DC541A807C4100F13028 /* Products */,
			);
			sourceTree = "<group>";
		};
		FC32DC541A807C4100F13028 /* Products */ = {
			isa = PBXGroup;
			children = (
				FC32DC531A807C4100F13028 /* overview.app */,
				FC32DC681A807C4100F13028 /* overviewTests.xctest */,
			);
			name = Products;
			sourceTree = "<group>";
		};
		FC32DC551A807C4100F13028 /* overview */ = {
			isa = PBXGroup;
			children = (
				FC32DC581A807C4100F13028 /* AppDelegate.swift */,
				FC32DC5A1A807C4100F13028 /* ViewController.swift */,
				FC32DC5C1A807C4100F13028 /* Main.storyboard */,
				FC32DC7A1A808EFC00F13028 /* HomeViewController.swift */,
				FC32DC5F1A807C4100F13028 /* Images.xcassets */,
				FC32DC611A807C4100F13028 /* LaunchScreen.xib */,
				FC32DC561A807C4100F13028 /* Supporting Files */,
				FC32DC781A80833A00F13028 /* SettingsViewController.swift */,
			);
			path = overview;
			sourceTree = "<group>";
		};
		FC32DC561A807C4100F13028 /* Supporting Files */ = {
			isa = PBXGroup;
			children = (
				FC32DC571A807C4100F13028 /* Info.plist */,
			);
			name = "Supporting Files";
			sourceTree = "<group>";
		};
		FC32DC6B1A807C4100F13028 /* overviewTests */ = {
			isa = PBXGroup;
			children = (
				FC32DC6E1A807C4100F13028 /* overviewTests.swift */,
				FC32DC6C1A807C4100F13028 /* Supporting Files */,
			);
			path = overviewTests;
			sourceTree = "<group>";
		};
		FC32DC6C1A807C4100F13028 /* Supporting Files */ = {
			isa = PBXGroup;
			children = (
				FC32DC6D1A807C4100F13028 /* Info.plist */,
			);
			name = "Supporting Files";
			sourceTree = "<group>";
		};
/* End PBXGroup section */

/* Begin PBXNativeTarget section */
		FC32DC521A807C4100F13028 /* overview */ = {
			isa = PBXNativeTarget;
			buildConfigurationList = FC32DC721A807C4100F13028 /* Build configuration list for PBXNativeTarget "overview" */;
			buildPhases = (
				FC32DC4F1A807C4100F13028 /* Sources */,
				FC32DC501A807C4100F13028 /* Frameworks */,
				FC32DC511A807C4100F13028 /* Resources */,
			);
			buildRules = (
			);
			dependencies = (
			);
			name = overview;
			productName = overview;
			productReference = FC32DC531A807C4100F13028 /* overview.app */;
			productType = "com.apple.product-type.application";
		};
		FC32DC671A807C4100F13028 /* overviewTests */ = {
			isa = PBXNativeTarget;
			buildConfigurationList = FC32DC751A807C4100F13028 /* Build configuration list for PBXNativeTarget "overviewTests" */;
			buildPhases = (
				FC32DC641A807C4100F13028 /* Sources */,
				FC32DC651A807C4100F13028 /* Frameworks */,
				FC32DC661A807C4100F13028 /* Resources */,
			);
			buildRules = (
			);
			dependencies = (
				FC32DC6A1A807C4100F13028 /* PBXTargetDependency */,
			);
			name = overviewTests;
			productName = overviewTests;
			productReference = FC32DC681A807C4100F13028 /* overviewTests.xctest */;
			productType = "com.apple.product-type.bundle.unit-test";
		};
/* End PBXNativeTarget section */

/* Begin PBXProject section */
		FC32DC4B1A807C4100F13028 /* Project object */ = {
			isa = PBXProject;
			attributes = {
				LastUpgradeCheck = 0610;
				ORGANIZATIONNAME = "Jonlin Pei";
				TargetAttributes = {
					FC32DC521A807C4100F13028 = {
						CreatedOnToolsVersion = 6.1.1;
					};
					FC32DC671A807C4100F13028 = {
						CreatedOnToolsVersion = 6.1.1;
						TestTargetID = FC32DC521A807C4100F13028;
					};
				};
			};
			buildConfigurationList = FC32DC4E1A807C4100F13028 /* Build configuration list for PBXProject "overview" */;
			compatibilityVersion = "Xcode 3.2";
			developmentRegion = English;
			hasScannedForEncodings = 0;
			knownRegions = (
				en,
				Base,
			);
			mainGroup = FC32DC4A1A807C4100F13028;
			productRefGroup = FC32DC541A807C4100F13028 /* Products */;
			projectDirPath = "";
			projectRoot = "";
			targets = (
				FC32DC521A807C4100F13028 /* overview */,
				FC32DC671A807C4100F13028 /* overviewTests */,
			);
		};
/* End PBXProject section */

/* Begin PBXResourcesBuildPhase section */
		FC32DC511A807C4100F13028 /* Resources */ = {
			isa = PBXResourcesBuildPhase;
			buildActionMask = 2147483647;
			files = (
				FC32DC5E1A807C4100F13028 /* Main.storyboard in Resources */,
				FC32DC631A807C4100F13028 /* LaunchScreen.xib in Resources */,
				FC32DC601A807C4100F13028 /* Images.xcassets in Resources */,
			);
			runOnlyForDeploymentPostprocessing = 0;
		};
		FC32DC661A807C4100F13028 /* Resources */ = {
			isa = PBXResourcesBuildPhase;
			buildActionMask = 2147483647;
			files = (
			);
			runOnlyForDeploymentPostprocessing = 0;
		};
/* End PBXResourcesBuildPhase section */

/* Begin PBXSourcesBuildPhase section */
		FC32DC4F1A807C4100F13028 /* Sources */ = {
			isa = PBXSourcesBuildPhase;
			buildActionMask = 2147483647;
			files = (
				FC32DC5B1A807C4100F13028 /* ViewController.swift in Sources */,
				FC32DC591A807C4100F13028 /* AppDelegate.swift in Sources */,
				FC32DC791A80833A00F13028 /* SettingsViewController.swift in Sources */,
				FC32DC7B1A808EFC00F13028 /* HomeViewController.swift in Sources */,
			);
			runOnlyForDeploymentPostprocessing = 0;
		};
		FC32DC641A807C4100F13028 /* Sources */ = {
			isa = PBXSourcesBuildPhase;
			buildActionMask = 2147483647;
			files = (
				FC32DC6F1A807C4100F13028 /* overviewTests.swift in Sources */,
			);
			runOnlyForDeploymentPostprocessing = 0;
		};
/* End PBXSourcesBuildPhase section */

/* Begin PBXTargetDependency section */
		FC32DC6A1A807C4100F13028 /* PBXTargetDependency */ = {
			isa = PBXTargetDependency;
			target = FC32DC521A807C4100F13028 /* overview */;
			targetProxy = FC32DC691A807C4100F13028 /* PBXContainerItemProxy */;
		};
/* End PBXTargetDependency section */

/* Begin PBXVariantGroup section */
		FC32DC5C1A807C4100F13028 /* Main.storyboard */ = {
			isa = PBXVariantGroup;
			children = (
				FC32DC5D1A807C4100F13028 /* Base */,
			);
			name = Main.storyboard;
			sourceTree = "<group>";
		};
		FC32DC611A807C4100F13028 /* LaunchScreen.xib */ = {
			isa = PBXVariantGroup;
			children = (
				FC32DC621A807C4100F13028 /* Base */,
			);
			name = LaunchScreen.xib;
			sourceTree = "<group>";
		};
/* End PBXVariantGroup section */

/* Begin XCBuildConfiguration section */
		FC32DC701A807C4100F13028 /* Debug */ = {
			isa = XCBuildConfiguration;
			buildSettings = {
				ALWAYS_SEARCH_USER_PATHS = NO;
				CLANG_CXX_LANGUAGE_STANDARD = "gnu++0x";
				CLANG_CXX_LIBRARY = "libc++";
				CLANG_ENABLE_MODULES = YES;
				CLANG_ENABLE_OBJC_ARC = YES;
				CLANG_WARN_BOOL_CONVERSION = YES;
				CLANG_WARN_CONSTANT_CONVERSION = YES;
				CLANG_WARN_DIRECT_OBJC_ISA_USAGE = YES_ERROR;
				CLANG_WARN_EMPTY_BODY = YES;
				CLANG_WARN_ENUM_CONVERSION = YES;
				CLANG_WARN_INT_CONVERSION = YES;
				CLANG_WARN_OBJC_ROOT_CLASS = YES_ERROR;
				CLANG_WARN_UNREACHABLE_CODE = YES;
				CLANG_WARN__DUPLICATE_METHOD_MATCH = YES;
				"CODE_SIGN_IDENTITY[sdk=iphoneos*]" = "iPhone Developer";
				COPY_PHASE_STRIP = NO;
				ENABLE_STRICT_OBJC_MSGSEND = YES;
				GCC_C_LANGUAGE_STANDARD = gnu99;
				GCC_DYNAMIC_NO_PIC = NO;
				GCC_OPTIMIZATION_LEVEL = 0;
				GCC_PREPROCESSOR_DEFINITIONS = (
					"DEBUG=1",
					"$(inherited)",
				);
				GCC_SYMBOLS_PRIVATE_EXTERN = NO;
				GCC_WARN_64_TO_32_BIT_CONVERSION = YES;
				GCC_WARN_ABOUT_RETURN_TYPE = YES_ERROR;
				GCC_WARN_UNDECLARED_SELECTOR = YES;
				GCC_WARN_UNINITIALIZED_AUTOS = YES_AGGRESSIVE;
				GCC_WARN_UNUSED_FUNCTION = YES;
				GCC_WARN_UNUSED_VARIABLE = YES;
				IPHONEOS_DEPLOYMENT_TARGET = 8.1;
				MTL_ENABLE_DEBUG_INFO = YES;
				ONLY_ACTIVE_ARCH = YES;
				SDKROOT = iphoneos;
				SWIFT_OPTIMIZATION_LEVEL = "-Onone";
			};
			name = Debug;
		};
		FC32DC711A807C4100F13028 /* Release */ = {
			isa = XCBuildConfiguration;
			buildSettings = {
				ALWAYS_SEARCH_USER_PATHS = NO;
				CLANG_CXX_LANGUAGE_STANDARD = "gnu++0x";
				CLANG_CXX_LIBRARY = "libc++";
				CLANG_ENABLE_MODULES = YES;
				CLANG_ENABLE_OBJC_ARC = YES;
				CLANG_WARN_BOOL_CONVERSION = YES;
				CLANG_WARN_CONSTANT_CONVERSION = YES;
				CLANG_WARN_DIRECT_OBJC_ISA_USAGE = YES_ERROR;
				CLANG_WARN_EMPTY_BODY = YES;
				CLANG_WARN_ENUM_CONVERSION = YES;
				CLANG_WARN_INT_CONVERSION = YES;
				CLANG_WARN_OBJC_ROOT_CLASS = YES_ERROR;
				CLANG_WARN_UNREACHABLE_CODE = YES;
				CLANG_WARN__DUPLICATE_METHOD_MATCH = YES;
				"CODE_SIGN_IDENTITY[sdk=iphoneos*]" = "iPhone Developer";
				COPY_PHASE_STRIP = YES;
				ENABLE_NS_ASSERTIONS = NO;
				ENABLE_STRICT_OBJC_MSGSEND = YES;
				GCC_C_LANGUAGE_STANDARD = gnu99;
				GCC_WARN_64_TO_32_BIT_CONVERSION = YES;
				GCC_WARN_ABOUT_RETURN_TYPE = YES_ERROR;
				GCC_WARN_UNDECLARED_SELECTOR = YES;
				GCC_WARN_UNINITIALIZED_AUTOS = YES_AGGRESSIVE;
				GCC_WARN_UNUSED_FUNCTION = YES;
				GCC_WARN_UNUSED_VARIABLE = YES;
				IPHONEOS_DEPLOYMENT_TARGET = 8.1;
				MTL_ENABLE_DEBUG_INFO = NO;
				SDKROOT = iphoneos;
				VALIDATE_PRODUCT = YES;
			};
			name = Release;
		};
		FC32DC731A807C4100F13028 /* Debug */ = {
			isa = XCBuildConfiguration;
			buildSettings = {
				ASSETCATALOG_COMPILER_APPICON_NAME = AppIcon;
				INFOPLIST_FILE = overview/Info.plist;
				LD_RUNPATH_SEARCH_PATHS = "$(inherited) @executable_path/Frameworks";
				PRODUCT_NAME = "$(TARGET_NAME)";
			};
			name = Debug;
		};
		FC32DC741A807C4100F13028 /* Release */ = {
			isa = XCBuildConfiguration;
			buildSettings = {
				ASSETCATALOG_COMPILER_APPICON_NAME = AppIcon;
				INFOPLIST_FILE = overview/Info.plist;
				LD_RUNPATH_SEARCH_PATHS = "$(inherited) @executable_path/Frameworks";
				PRODUCT_NAME = "$(TARGET_NAME)";
			};
			name = Release;
		};
		FC32DC761A807C4100F13028 /* Debug */ = {
			isa = XCBuildConfiguration;
			buildSettings = {
				BUNDLE_LOADER = "$(TEST_HOST)";
				FRAMEWORK_SEARCH_PATHS = (
					"$(SDKROOT)/Developer/Library/Frameworks",
					"$(inherited)",
				);
				GCC_PREPROCESSOR_DEFINITIONS = (
					"DEBUG=1",
					"$(inherited)",
				);
				INFOPLIST_FILE = overviewTests/Info.plist;
				LD_RUNPATH_SEARCH_PATHS = "$(inherited) @executable_path/Frameworks @loader_path/Frameworks";
				PRODUCT_NAME = "$(TARGET_NAME)";
				TEST_HOST = "$(BUILT_PRODUCTS_DIR)/overview.app/overview";
			};
			name = Debug;
		};
		FC32DC771A807C4100F13028 /* Release */ = {
			isa = XCBuildConfiguration;
			buildSettings = {
				BUNDLE_LOADER = "$(TEST_HOST)";
				FRAMEWORK_SEARCH_PATHS = (
					"$(SDKROOT)/Developer/Library/Frameworks",
					"$(inherited)",
				);
				INFOPLIST_FILE = overviewTests/Info.plist;
				LD_RUNPATH_SEARCH_PATHS = "$(inherited) @executable_path/Frameworks @loader_path/Frameworks";
				PRODUCT_NAME = "$(TARGET_NAME)";
				TEST_HOST = "$(BUILT_PRODUCTS_DIR)/overview.app/overview";
			};
			name = Release;
		};
/* End XCBuildConfiguration section */

/* Begin XCConfigurationList section */
		FC32DC4E1A807C4100F13028 /* Build configuration list for PBXProject "overview" */ = {
			isa = XCConfigurationList;
			buildConfigurations = (
				FC32DC701A807C4100F13028 /* Debug */,
				FC32DC711A807C4100F13028 /* Release */,
			);
			defaultConfigurationIsVisible = 0;
			defaultConfigurationName = Release;
		};
		FC32DC721A807C4100F13028 /* Build configuration list for PBXNativeTarget "overview" */ = {
			isa = XCConfigurationList;
			buildConfigurations = (
				FC32DC731A807C4100F13028 /* Debug */,
				FC32DC741A807C4100F13028 /* Release */,
			);
			defaultConfigurationIsVisible = 0;
			defaultConfigurationName = Release;
		};
		FC32DC751A807C4100F13028 /* Build configuration list for PBXNativeTarget "overviewTests" */ = {
			isa = XCConfigurationList;
			buildConfigurations = (
				FC32DC761A807C4100F13028 /* Debug */,
				FC32DC771A807C4100F13028 /* Release */,
			);
			defaultConfigurationIsVisible = 0;
			defaultConfigurationName = Release;
		};
/* End XCConfigurationList section */
	};
	rootObject = FC32DC4B1A807C4100F13028 /* Project object */;
}
